PODS:
  - Alamofire (5.9.1)
  - DynamicColor (4.2.0)
  - Kingfisher (5.9.0):
    - Kingfisher/Core (= 5.9.0)
  - Kingfisher/Core (5.9.0)
  - Moya (15.0.0):
    - Moya/Core (= 15.0.0)
  - Moya/Core (15.0.0):
    - Alamofire (~> 5.0)
  - PKHUD (5.3.0)
  - SwiftyJSON (4.3.0)

DEPENDENCIES:
  - Alamofire
  - DynamicColor (~> 4.2.0)
  - Kingfisher
  - Moya
  - PKHUD (~> 5.0)
  - SwiftyJSON (~> 4.0)

SPEC REPOS:
  trunk:
    - Alamofire
    - DynamicColor
    - Kingfisher
    - Moya
    - PKHUD
    - SwiftyJSON

SPEC CHECKSUMS:
  Alamofire: f36a35757af4587d8e4f4bfa223ad10be2422b8c
  DynamicColor: c475f66bda1cabf602f2c54ac1171c0c07148a5a
  Kingfisher: ff98240aebb7302bdc4f1ecd701761030ce18b16
  Moya: 138f0573e53411fb3dc17016add0b748dfbd78ee
  PKHUD: 98f3e4bc904b9c916f1c5bb6d765365b5357291b
  SwiftyJSON: 6faa0040f8b59dead0ee07436cbf76b73c08fd08

PODFILE CHECKSUM: 866e927f72ea2e36713c56cf618d15300867a6c4

COCOAPODS: 1.15.2
