// !$*UTF8*$!
{
	archiveVersion = 1;
	classes = {
	};
	objectVersion = 51;
	objects = {

/* Begin PBXBuildFile section */
		201D0AE4237650C700B4200F /* AppDelegate.swift in Sources */ = {isa = PBXBuildFile; fileRef = 201D0AE3237650C700B4200F /* AppDelegate.swift */; };
		201D0AE6237650C700B4200F /* SceneDelegate.swift in Sources */ = {isa = PBXBuildFile; fileRef = 201D0AE5237650C700B4200F /* SceneDelegate.swift */; };
		201D0AE8237650C700B4200F /* GitHubUsersListViewController.swift in Sources */ = {isa = PBXBuildFile; fileRef = 201D0AE7237650C700B4200F /* GitHubUsersListViewController.swift */; };
		201D0AEB237650C700B4200F /* Main.storyboard in Resources */ = {isa = PBXBuildFile; fileRef = 201D0AE9237650C700B4200F /* Main.storyboard */; };
		201D0AED237650C900B4200F /* Assets.xcassets in Resources */ = {isa = PBXBuildFile; fileRef = 201D0AEC237650C900B4200F /* Assets.xcassets */; };
		201D0AF0237650C900B4200F /* LaunchScreen.storyboard in Resources */ = {isa = PBXBuildFile; fileRef = 201D0AEE237650C900B4200F /* LaunchScreen.storyboard */; };
		20F7B428237659E4008C781B /* GitHubUsersListCell.xib in Resources */ = {isa = PBXBuildFile; fileRef = 20F7B427237659E4008C781B /* GitHubUsersListCell.xib */; };
		9101B8798B6810251AC6F2DB /* Pods_Access_App_Exercise_Sean.framework in Frameworks */ = {isa = PBXBuildFile; fileRef = E05B416F8A5D4AF64B5E651D /* Pods_Access_App_Exercise_Sean.framework */; };
/* End PBXBuildFile section */

/* Begin PBXFileReference section */
		201D0AE0237650C700B4200F /* Access_App_Exercise_Sean.app */ = {isa = PBXFileReference; explicitFileType = wrapper.application; includeInIndex = 0; path = Access_App_Exercise_Sean.app; sourceTree = BUILT_PRODUCTS_DIR; };
		201D0AE3237650C700B4200F /* AppDelegate.swift */ = {isa = PBXFileReference; lastKnownFileType = sourcecode.swift; path = AppDelegate.swift; sourceTree = "<group>"; };
		201D0AE5237650C700B4200F /* SceneDelegate.swift */ = {isa = PBXFileReference; lastKnownFileType = sourcecode.swift; path = SceneDelegate.swift; sourceTree = "<group>"; };
		201D0AE7237650C700B4200F /* GitHubUsersListViewController.swift */ = {isa = PBXFileReference; lastKnownFileType = sourcecode.swift; path = GitHubUsersListViewController.swift; sourceTree = "<group>"; };
		201D0AEA237650C700B4200F /* Base */ = {isa = PBXFileReference; lastKnownFileType = file.storyboard; name = Base; path = Base.lproj/Main.storyboard; sourceTree = "<group>"; };
		201D0AEC237650C900B4200F /* Assets.xcassets */ = {isa = PBXFileReference; lastKnownFileType = folder.assetcatalog; path = Assets.xcassets; sourceTree = "<group>"; };
		201D0AEF237650C900B4200F /* Base */ = {isa = PBXFileReference; lastKnownFileType = file.storyboard; name = Base; path = Base.lproj/LaunchScreen.storyboard; sourceTree = "<group>"; };
		201D0AF1237650C900B4200F /* Info.plist */ = {isa = PBXFileReference; lastKnownFileType = text.plist.xml; path = Info.plist; sourceTree = "<group>"; };
		20F7B427237659E4008C781B /* GitHubUsersListCell.xib */ = {isa = PBXFileReference; lastKnownFileType = file.xib; path = GitHubUsersListCell.xib; sourceTree = "<group>"; };
		35A849F92A065E49CFD6C9D3 /* Pods-Access_App_Exercise_Sean.debug.xcconfig */ = {isa = PBXFileReference; includeInIndex = 1; lastKnownFileType = text.xcconfig; name = "Pods-Access_App_Exercise_Sean.debug.xcconfig"; path = "Target Support Files/Pods-Access_App_Exercise_Sean/Pods-Access_App_Exercise_Sean.debug.xcconfig"; sourceTree = "<group>"; };
		63DA3078585095AF50F0A25B /* Pods-Access_App_Exercise_Sean.release.xcconfig */ = {isa = PBXFileReference; includeInIndex = 1; lastKnownFileType = text.xcconfig; name = "Pods-Access_App_Exercise_Sean.release.xcconfig"; path = "Target Support Files/Pods-Access_App_Exercise_Sean/Pods-Access_App_Exercise_Sean.release.xcconfig"; sourceTree = "<group>"; };
		E05B416F8A5D4AF64B5E651D /* Pods_Access_App_Exercise_Sean.framework */ = {isa = PBXFileReference; explicitFileType = wrapper.framework; includeInIndex = 0; path = Pods_Access_App_Exercise_Sean.framework; sourceTree = BUILT_PRODUCTS_DIR; };
/* End PBXFileReference section */

/* Begin PBXFrameworksBuildPhase section */
		201D0ADD237650C700B4200F /* Frameworks */ = {
			isa = PBXFrameworksBuildPhase;
			buildActionMask = 2147483647;
			files = (
				9101B8798B6810251AC6F2DB /* Pods_Access_App_Exercise_Sean.framework in Frameworks */,
			);
			runOnlyForDeploymentPostprocessing = 0;
		};
/* End PBXFrameworksBuildPhase section */

/* Begin PBXGroup section */
		201D0AD7237650C700B4200F = {
			isa = PBXGroup;
			children = (
				201D0AE2237650C700B4200F /* Access_App_Exercise_Sean */,
				201D0AE1237650C700B4200F /* Products */,
				9E9B13C0A7AB4AFC3B4268C5 /* Pods */,
				C60E49867465080FC94A52E9 /* Frameworks */,
			);
			sourceTree = "<group>";
		};
		201D0AE1237650C700B4200F /* Products */ = {
			isa = PBXGroup;
			children = (
				201D0AE0237650C700B4200F /* Access_App_Exercise_Sean.app */,
			);
			name = Products;
			sourceTree = "<group>";
		};
		201D0AE2237650C700B4200F /* Access_App_Exercise_Sean */ = {
			isa = PBXGroup;
			children = (
				201D0AE3237650C700B4200F /* AppDelegate.swift */,
				201D0AE5237650C700B4200F /* SceneDelegate.swift */,
				201D0AE7237650C700B4200F /* GitHubUsersListViewController.swift */,
				20F7B427237659E4008C781B /* GitHubUsersListCell.xib */,
				201D0AE9237650C700B4200F /* Main.storyboard */,
				201D0AEC237650C900B4200F /* Assets.xcassets */,
				201D0AEE237650C900B4200F /* LaunchScreen.storyboard */,
				201D0AF1237650C900B4200F /* Info.plist */,
			);
			path = Access_App_Exercise_Sean;
			sourceTree = "<group>";
		};
		9E9B13C0A7AB4AFC3B4268C5 /* Pods */ = {
			isa = PBXGroup;
			children = (
				35A849F92A065E49CFD6C9D3 /* Pods-Access_App_Exercise_Sean.debug.xcconfig */,
				63DA3078585095AF50F0A25B /* Pods-Access_App_Exercise_Sean.release.xcconfig */,
			);
			path = Pods;
			sourceTree = "<group>";
		};
		C60E49867465080FC94A52E9 /* Frameworks */ = {
			isa = PBXGroup;
			children = (
				E05B416F8A5D4AF64B5E651D /* Pods_Access_App_Exercise_Sean.framework */,
			);
			name = Frameworks;
			sourceTree = "<group>";
		};
/* End PBXGroup section */

/* Begin PBXNativeTarget section */
		201D0ADF237650C700B4200F /* Access_App_Exercise_Sean */ = {
			isa = PBXNativeTarget;
			buildConfigurationList = 201D0AF4237650C900B4200F /* Build configuration list for PBXNativeTarget "Access_App_Exercise_Sean" */;
			buildPhases = (
				9135D433BEAD50FEC7A02F34 /* [CP] Check Pods Manifest.lock */,
				201D0ADC237650C700B4200F /* Sources */,
				201D0ADD237650C700B4200F /* Frameworks */,
				201D0ADE237650C700B4200F /* Resources */,
				607CB1BD732FA31ED26AD425 /* [CP] Embed Pods Frameworks */,
			);
			buildRules = (
			);
			dependencies = (
			);
			name = Access_App_Exercise_Sean;
			productName = Access_App_Exercise_Sean;
			productReference = 201D0AE0237650C700B4200F /* Access_App_Exercise_Sean.app */;
			productType = "com.apple.product-type.application";
		};
/* End PBXNativeTarget section */

/* Begin PBXProject section */
		201D0AD8237650C700B4200F /* Project object */ = {
			isa = PBXProject;
			attributes = {
				LastSwiftUpdateCheck = 1110;
				LastUpgradeCheck = 1110;
				ORGANIZATIONNAME = sean;
				TargetAttributes = {
					201D0ADF237650C700B4200F = {
						CreatedOnToolsVersion = 11.1;
					};
				};
			};
			buildConfigurationList = 201D0ADB237650C700B4200F /* Build configuration list for PBXProject "Access_App_Exercise_Sean" */;
			compatibilityVersion = "Xcode 9.3";
			developmentRegion = en;
			hasScannedForEncodings = 0;
			knownRegions = (
				en,
				Base,
			);
			mainGroup = 201D0AD7237650C700B4200F;
			productRefGroup = 201D0AE1237650C700B4200F /* Products */;
			projectDirPath = "";
			projectRoot = "";
			targets = (
				201D0ADF237650C700B4200F /* Access_App_Exercise_Sean */,
			);
		};
/* End PBXProject section */

/* Begin PBXResourcesBuildPhase section */
		201D0ADE237650C700B4200F /* Resources */ = {
			isa = PBXResourcesBuildPhase;
			buildActionMask = 2147483647;
			files = (
				201D0AF0237650C900B4200F /* LaunchScreen.storyboard in Resources */,
				20F7B428237659E4008C781B /* GitHubUsersListCell.xib in Resources */,
				201D0AED237650C900B4200F /* Assets.xcassets in Resources */,
				201D0AEB237650C700B4200F /* Main.storyboard in Resources */,
			);
			runOnlyForDeploymentPostprocessing = 0;
		};
/* End PBXResourcesBuildPhase section */

/* Begin PBXShellScriptBuildPhase section */
		607CB1BD732FA31ED26AD425 /* [CP] Embed Pods Frameworks */ = {
			isa = PBXShellScriptBuildPhase;
			buildActionMask = 2147483647;
			files = (
			);
			inputFileListPaths = (
				"${PODS_ROOT}/Target Support Files/Pods-Access_App_Exercise_Sean/Pods-Access_App_Exercise_Sean-frameworks-${CONFIGURATION}-input-files.xcfilelist",
			);
			name = "[CP] Embed Pods Frameworks";
			outputFileListPaths = (
				"${PODS_ROOT}/Target Support Files/Pods-Access_App_Exercise_Sean/Pods-Access_App_Exercise_Sean-frameworks-${CONFIGURATION}-output-files.xcfilelist",
			);
			runOnlyForDeploymentPostprocessing = 0;
			shellPath = /bin/sh;
			shellScript = "\"${PODS_ROOT}/Target Support Files/Pods-Access_App_Exercise_Sean/Pods-Access_App_Exercise_Sean-frameworks.sh\"\n";
			showEnvVarsInLog = 0;
		};
		9135D433BEAD50FEC7A02F34 /* [CP] Check Pods Manifest.lock */ = {
			isa = PBXShellScriptBuildPhase;
			buildActionMask = 2147483647;
			files = (
			);
			inputFileListPaths = (
			);
			inputPaths = (
				"${PODS_PODFILE_DIR_PATH}/Podfile.lock",
				"${PODS_ROOT}/Manifest.lock",
			);
			name = "[CP] Check Pods Manifest.lock";
			outputFileListPaths = (
			);
			outputPaths = (
				"$(DERIVED_FILE_DIR)/Pods-Access_App_Exercise_Sean-checkManifestLockResult.txt",
			);
			runOnlyForDeploymentPostprocessing = 0;
			shellPath = /bin/sh;
			shellScript = "diff \"${PODS_PODFILE_DIR_PATH}/Podfile.lock\" \"${PODS_ROOT}/Manifest.lock\" > /dev/null\nif [ $? != 0 ] ; then\n    # print error to STDERR\n    echo \"error: The sandbox is not in sync with the Podfile.lock. Run 'pod install' or update your CocoaPods installation.\" >&2\n    exit 1\nfi\n# This output is used by Xcode 'outputs' to avoid re-running this script phase.\necho \"SUCCESS\" > \"${SCRIPT_OUTPUT_FILE_0}\"\n";
			showEnvVarsInLog = 0;
		};
/* End PBXShellScriptBuildPhase section */

/* Begin PBXSourcesBuildPhase section */
		201D0ADC237650C700B4200F /* Sources */ = {
			isa = PBXSourcesBuildPhase;
			buildActionMask = 2147483647;
			files = (
				201D0AE8237650C700B4200F /* GitHubUsersListViewController.swift in Sources */,
				201D0AE4237650C700B4200F /* AppDelegate.swift in Sources */,
				201D0AE6237650C700B4200F /* SceneDelegate.swift in Sources */,
			);
			runOnlyForDeploymentPostprocessing = 0;
		};
/* End PBXSourcesBuildPhase section */

/* Begin PBXVariantGroup section */
		201D0AE9237650C700B4200F /* Main.storyboard */ = {
			isa = PBXVariantGroup;
			children = (
				201D0AEA237650C700B4200F /* Base */,
			);
			name = Main.storyboard;
			sourceTree = "<group>";
		};
		201D0AEE237650C900B4200F /* LaunchScreen.storyboard */ = {
			isa = PBXVariantGroup;
			children = (
				201D0AEF237650C900B4200F /* Base */,
			);
			name = LaunchScreen.storyboard;
			sourceTree = "<group>";
		};
/* End PBXVariantGroup section */

/* Begin XCBuildConfiguration section */
		201D0AF2237650C900B4200F /* Debug */ = {
			isa = XCBuildConfiguration;
			buildSettings = {
				ALWAYS_SEARCH_USER_PATHS = NO;
				CLANG_ANALYZER_NONNULL = YES;
				CLANG_ANALYZER_NUMBER_OBJECT_CONVERSION = YES_AGGRESSIVE;
				CLANG_CXX_LANGUAGE_STANDARD = "gnu++14";
				CLANG_CXX_LIBRARY = "libc++";
				CLANG_ENABLE_MODULES = YES;
				CLANG_ENABLE_OBJC_ARC = YES;
				CLANG_ENABLE_OBJC_WEAK = YES;
				CLANG_WARN_BLOCK_CAPTURE_AUTORELEASING = YES;
				CLANG_WARN_BOOL_CONVERSION = YES;
				CLANG_WARN_COMMA = YES;
				CLANG_WARN_CONSTANT_CONVERSION = YES;
				CLANG_WARN_DEPRECATED_OBJC_IMPLEMENTATIONS = YES;
				CLANG_WARN_DIRECT_OBJC_ISA_USAGE = YES_ERROR;
				CLANG_WARN_DOCUMENTATION_COMMENTS = YES;
				CLANG_WARN_EMPTY_BODY = YES;
				CLANG_WARN_ENUM_CONVERSION = YES;
				CLANG_WARN_INFINITE_RECURSION = YES;
				CLANG_WARN_INT_CONVERSION = YES;
				CLANG_WARN_NON_LITERAL_NULL_CONVERSION = YES;
				CLANG_WARN_OBJC_IMPLICIT_RETAIN_SELF = YES;
				CLANG_WARN_OBJC_LITERAL_CONVERSION = YES;
				CLANG_WARN_OBJC_ROOT_CLASS = YES_ERROR;
				CLANG_WARN_RANGE_LOOP_ANALYSIS = YES;
				CLANG_WARN_STRICT_PROTOTYPES = YES;
				CLANG_WARN_SUSPICIOUS_MOVE = YES;
				CLANG_WARN_UNGUARDED_AVAILABILITY = YES_AGGRESSIVE;
				CLANG_WARN_UNREACHABLE_CODE = YES;
				CLANG_WARN__DUPLICATE_METHOD_MATCH = YES;
				COPY_PHASE_STRIP = NO;
				DEBUG_INFORMATION_FORMAT = dwarf;
				ENABLE_STRICT_OBJC_MSGSEND = YES;
				ENABLE_TESTABILITY = YES;
				GCC_C_LANGUAGE_STANDARD = gnu11;
				GCC_DYNAMIC_NO_PIC = NO;
				GCC_NO_COMMON_BLOCKS = YES;
				GCC_OPTIMIZATION_LEVEL = 0;
				GCC_PREPROCESSOR_DEFINITIONS = (
					"DEBUG=1",
					"$(inherited)",
				);
				GCC_WARN_64_TO_32_BIT_CONVERSION = YES;
				GCC_WARN_ABOUT_RETURN_TYPE = YES_ERROR;
				GCC_WARN_UNDECLARED_SELECTOR = YES;
				GCC_WARN_UNINITIALIZED_AUTOS = YES_AGGRESSIVE;
				GCC_WARN_UNUSED_FUNCTION = YES;
				GCC_WARN_UNUSED_VARIABLE = YES;
				IPHONEOS_DEPLOYMENT_TARGET = 13.1;
				MTL_ENABLE_DEBUG_INFO = INCLUDE_SOURCE;
				MTL_FAST_MATH = YES;
				ONLY_ACTIVE_ARCH = YES;
				SDKROOT = iphoneos;
				SWIFT_ACTIVE_COMPILATION_CONDITIONS = DEBUG;
				SWIFT_OPTIMIZATION_LEVEL = "-Onone";
			};
			name = Debug;
		};
		201D0AF3237650C900B4200F /* Release */ = {
			isa = XCBuildConfiguration;
			buildSettings = {
				ALWAYS_SEARCH_USER_PATHS = NO;
				CLANG_ANALYZER_NONNULL = YES;
				CLANG_ANALYZER_NUMBER_OBJECT_CONVERSION = YES_AGGRESSIVE;
				CLANG_CXX_LANGUAGE_STANDARD = "gnu++14";
				CLANG_CXX_LIBRARY = "libc++";
				CLANG_ENABLE_MODULES = YES;
				CLANG_ENABLE_OBJC_ARC = YES;
				CLANG_ENABLE_OBJC_WEAK = YES;
				CLANG_WARN_BLOCK_CAPTURE_AUTORELEASING = YES;
				CLANG_WARN_BOOL_CONVERSION = YES;
				CLANG_WARN_COMMA = YES;
				CLANG_WARN_CONSTANT_CONVERSION = YES;
				CLANG_WARN_DEPRECATED_OBJC_IMPLEMENTATIONS = YES;
				CLANG_WARN_DIRECT_OBJC_ISA_USAGE = YES_ERROR;
				CLANG_WARN_DOCUMENTATION_COMMENTS = YES;
				CLANG_WARN_EMPTY_BODY = YES;
				CLANG_WARN_ENUM_CONVERSION = YES;
				CLANG_WARN_INFINITE_RECURSION = YES;
				CLANG_WARN_INT_CONVERSION = YES;
				CLANG_WARN_NON_LITERAL_NULL_CONVERSION = YES;
				CLANG_WARN_OBJC_IMPLICIT_RETAIN_SELF = YES;
				CLANG_WARN_OBJC_LITERAL_CONVERSION = YES;
				CLANG_WARN_OBJC_ROOT_CLASS = YES_ERROR;
				CLANG_WARN_RANGE_LOOP_ANALYSIS = YES;
				CLANG_WARN_STRICT_PROTOTYPES = YES;
				CLANG_WARN_SUSPICIOUS_MOVE = YES;
				CLANG_WARN_UNGUARDED_AVAILABILITY = YES_AGGRESSIVE;
				CLANG_WARN_UNREACHABLE_CODE = YES;
				CLANG_WARN__DUPLICATE_METHOD_MATCH = YES;
				COPY_PHASE_STRIP = NO;
				DEBUG_INFORMATION_FORMAT = "dwarf-with-dsym";
				ENABLE_NS_ASSERTIONS = NO;
				ENABLE_STRICT_OBJC_MSGSEND = YES;
				GCC_C_LANGUAGE_STANDARD = gnu11;
				GCC_NO_COMMON_BLOCKS = YES;
				GCC_WARN_64_TO_32_BIT_CONVERSION = YES;
				GCC_WARN_ABOUT_RETURN_TYPE = YES_ERROR;
				GCC_WARN_UNDECLARED_SELECTOR = YES;
				GCC_WARN_UNINITIALIZED_AUTOS = YES_AGGRESSIVE;
				GCC_WARN_UNUSED_FUNCTION = YES;
				GCC_WARN_UNUSED_VARIABLE = YES;
				IPHONEOS_DEPLOYMENT_TARGET = 13.1;
				MTL_ENABLE_DEBUG_INFO = NO;
				MTL_FAST_MATH = YES;
				SDKROOT = iphoneos;
				SWIFT_COMPILATION_MODE = wholemodule;
				SWIFT_OPTIMIZATION_LEVEL = "-O";
				VALIDATE_PRODUCT = YES;
			};
			name = Release;
		};
		201D0AF5237650C900B4200F /* Debug */ = {
			isa = XCBuildConfiguration;
			baseConfigurationReference = 35A849F92A065E49CFD6C9D3 /* Pods-Access_App_Exercise_Sean.debug.xcconfig */;
			buildSettings = {
				ASSETCATALOG_COMPILER_APPICON_NAME = AppIcon;
				CODE_SIGN_STYLE = Automatic;
				DEVELOPMENT_TEAM = E8Z9Q33R2P;
				INFOPLIST_FILE = Access_App_Exercise_Sean/Info.plist;
				IPHONEOS_DEPLOYMENT_TARGET = 12.0;
				LD_RUNPATH_SEARCH_PATHS = (
					"$(inherited)",
					"@executable_path/Frameworks",
				);
				PRODUCT_BUNDLE_IDENTIFIER = "sean.Access-App-Exercise-Sean";
				PRODUCT_NAME = "$(TARGET_NAME)";
				SWIFT_VERSION = 5.0;
				TARGETED_DEVICE_FAMILY = 1;
			};
			name = Debug;
		};
		201D0AF6237650C900B4200F /* Release */ = {
			isa = XCBuildConfiguration;
			baseConfigurationReference = 63DA3078585095AF50F0A25B /* Pods-Access_App_Exercise_Sean.release.xcconfig */;
			buildSettings = {
				ASSETCATALOG_COMPILER_APPICON_NAME = AppIcon;
				CODE_SIGN_STYLE = Automatic;
				DEVELOPMENT_TEAM = E8Z9Q33R2P;
				INFOPLIST_FILE = Access_App_Exercise_Sean/Info.plist;
				IPHONEOS_DEPLOYMENT_TARGET = 12.0;
				LD_RUNPATH_SEARCH_PATHS = (
					"$(inherited)",
					"@executable_path/Frameworks",
				);
				PRODUCT_BUNDLE_IDENTIFIER = "sean.Access-App-Exercise-Sean";
				PRODUCT_NAME = "$(TARGET_NAME)";
				SWIFT_VERSION = 5.0;
				TARGETED_DEVICE_FAMILY = 1;
			};
			name = Release;
		};
/* End XCBuildConfiguration section */

/* Begin XCConfigurationList section */
		201D0ADB237650C700B4200F /* Build configuration list for PBXProject "Access_App_Exercise_Sean" */ = {
			isa = XCConfigurationList;
			buildConfigurations = (
				201D0AF2237650C900B4200F /* Debug */,
				201D0AF3237650C900B4200F /* Release */,
			);
			defaultConfigurationIsVisible = 0;
			defaultConfigurationName = Release;
		};
		201D0AF4237650C900B4200F /* Build configuration list for PBXNativeTarget "Access_App_Exercise_Sean" */ = {
			isa = XCConfigurationList;
			buildConfigurations = (
				201D0AF5237650C900B4200F /* Debug */,
				201D0AF6237650C900B4200F /* Release */,
			);
			defaultConfigurationIsVisible = 0;
			defaultConfigurationName = Release;
		};
/* End XCConfigurationList section */
	};
	rootObject = 201D0AD8237650C700B4200F /* Project object */;
}
